
Microsoft Visual Studio Solution File, Format Version 12.00
# Visual Studio 15
VisualStudioVersion = 15.0.27703.2047
MinimumVisualStudioVersion = 10.0.40219.1
Project("{FAE04EC0-301F-11D3-BF4B-00C04F79EFBC}") = "AspNetMvc.QuickStart", "AspNetMvc.QuickStart\AspNetMvc.QuickStart.csproj", "{D33D222E-FC62-4CFB-B0A7-4EFD32C1895A}"
EndProject
Global
	GlobalSection(SolutionConfigurationPlatforms) = preSolution
		Debug|Any CPU = Debug|Any CPU
		Release|Any CPU = Release|Any CPU
	EndGlobalSection
	GlobalSection(ProjectConfigurationPlatforms) = postSolution
		{D33D222E-FC62-4CFB-B0A7-4EFD32C1895A}.Debug|Any CPU.ActiveCfg = Debug|Any CPU
		{D33D222E-FC62-4CFB-B0A7-4EFD32C1895A}.Debug|Any CPU.Build.0 = Debug|Any CPU
		{D33D222E-FC62-4CFB-B0A7-4EFD32C1895A}.Release|Any CPU.ActiveCfg = Release|Any CPU
		{D33D222E-FC62-4CFB-B0A7-4EFD32C1895A}.Release|Any CPU.Build.0 = Release|Any CPU
	EndGlobalSection
	GlobalSection(SolutionProperties) = preSolution
		HideSolutionNode = FALSE
	EndGlobalSection
	GlobalSection(ExtensibilityGlobals) = postSolution
		SolutionGuid = {A579DF3B-018A-405B-BE0D-8D068D9CD248}
	EndGlobalSection
EndGlobal
